
Microsoft Visual Studio Solution File, Format Version 12.00
# Visual Studio 15
VisualStudioVersion = 15.0.27428.2015
MinimumVisualStudioVersion = 10.0.40219.1
Project("{FAE04EC0-301F-11D3-BF4B-00C04F79EFBC}") = "Tarea3Bases2", "Tarea3Bases2\Tarea3Bases2.csproj", "{93A34FCE-17B8-404C-A759-A3CF198DE2A3}"
EndProject
Global
	GlobalSection(SolutionConfigurationPlatforms) = preSolution
		Debug|Any CPU = Debug|Any CPU
		Release|Any CPU = Release|Any CPU
	EndGlobalSection
	GlobalSection(ProjectConfigurationPlatforms) = postSolution
		{93A34FCE-17B8-404C-A759-A3CF198DE2A3}.Debug|Any CPU.ActiveCfg = Debug|Any CPU
		{93A34FCE-17B8-404C-A759-A3CF198DE2A3}.Debug|Any CPU.Build.0 = Debug|Any CPU
		{93A34FCE-17B8-404C-A759-A3CF198DE2A3}.Release|Any CPU.ActiveCfg = Release|Any CPU
		{93A34FCE-17B8-404C-A759-A3CF198DE2A3}.Release|Any CPU.Build.0 = Release|Any CPU
	EndGlobalSection
	GlobalSection(SolutionProperties) = preSolution
		HideSolutionNode = FALSE
	EndGlobalSection
	GlobalSection(ExtensibilityGlobals) = postSolution
		SolutionGuid = {73B96BED-77E6-468D-935F-99412974494C}
	EndGlobalSection
EndGlobal
